
Microsoft Visual Studio Solution File, Format Version 12.00
# Visual Studio 15
Project("{FAE04EC0-301F-11D3-BF4B-00C04F79EFBC}") = "AK.Wwise.Unity.API", "AK.Wwise.Unity.API.csproj", "{55BA16FD-4396-8949-7765-67F1B7A49F7E}"
EndProject
Project("{FAE04EC0-301F-11D3-BF4B-00C04F79EFBC}") = "AK.Wwise.Unity.MonoBehaviour", "AK.Wwise.Unity.MonoBehaviour.csproj", "{33942DEC-EF79-666C-1CF5-30F355C4EFF0}"
EndProject
Project("{FAE04EC0-301F-11D3-BF4B-00C04F79EFBC}") = "Ak.Wwise.Api.WAAPI", "Ak.Wwise.Api.WAAPI.csproj", "{B4ABA97F-A8FB-C95D-089D-F933FC8ED130}"
EndProject
Project("{FAE04EC0-301F-11D3-BF4B-00C04F79EFBC}") = "Assembly-CSharp", "Assembly-CSharp.csproj", "{C0DC4F95-E604-A91F-B862-5D8CB9248465}"
EndProject
Project("{FAE04EC0-301F-11D3-BF4B-00C04F79EFBC}") = "AK.Wwise.Unity.Timeline", "AK.Wwise.Unity.Timeline.csproj", "{3195A787-F036-9830-B9C2-A70FCC5A5129}"
EndProject
Project("{FAE04EC0-301F-11D3-BF4B-00C04F79EFBC}") = "AK.Wwise.Unity.API.WwiseTypes", "AK.Wwise.Unity.API.WwiseTypes.csproj", "{4ACBD0FB-3CFB-1BAE-4138-45330AB5510B}"
EndProject
Project("{FAE04EC0-301F-11D3-BF4B-00C04F79EFBC}") = "StylizedGrass.Runtime", "StylizedGrass.Runtime.csproj", "{17ADF215-980E-AC5A-E27D-D894FEBD36FC}"
EndProject
Project("{FAE04EC0-301F-11D3-BF4B-00C04F79EFBC}") = "AK.Wwise.Unity.MonoBehaviour.Editor", "AK.Wwise.Unity.MonoBehaviour.Editor.csproj", "{52D9519C-821F-925D-218E-1A651DD2CC37}"
EndProject
Project("{FAE04EC0-301F-11D3-BF4B-00C04F79EFBC}") = "Assembly-CSharp-Editor", "Assembly-CSharp-Editor.csproj", "{99D60779-D041-15E0-7C27-968E55F9237B}"
EndProject
Project("{FAE04EC0-301F-11D3-BF4B-00C04F79EFBC}") = "AK.Wwise.Unity.API.Editor", "AK.Wwise.Unity.API.Editor.csproj", "{C369DC0A-C1C2-39DC-C293-AC0FBB6E17FF}"
EndProject
Project("{FAE04EC0-301F-11D3-BF4B-00C04F79EFBC}") = "AK.Wwise.Unity.Timeline.Editor", "AK.Wwise.Unity.Timeline.Editor.csproj", "{6395023B-4736-ABF5-33BE-C3EA45996AB6}"
EndProject
Project("{FAE04EC0-301F-11D3-BF4B-00C04F79EFBC}") = "StylizedGrass_Editor", "StylizedGrass_Editor.csproj", "{CB8FA7F9-FB78-F292-8976-1F94EDBE00B2}"
EndProject
Global
	GlobalSection(SolutionConfigurationPlatforms) = preSolution
		Debug|Any CPU = Debug|Any CPU
		Release|Any CPU = Release|Any CPU
	EndGlobalSection
	GlobalSection(ProjectConfigurationPlatforms) = postSolution
		{55BA16FD-4396-8949-7765-67F1B7A49F7E}.Debug|Any CPU.ActiveCfg = Debug|Any CPU
		{55BA16FD-4396-8949-7765-67F1B7A49F7E}.Debug|Any CPU.Build.0 = Debug|Any CPU
		{55BA16FD-4396-8949-7765-67F1B7A49F7E}.Release|Any CPU.ActiveCfg = Release|Any CPU
		{55BA16FD-4396-8949-7765-67F1B7A49F7E}.Release|Any CPU.Build.0 = Release|Any CPU
		{33942DEC-EF79-666C-1CF5-30F355C4EFF0}.Debug|Any CPU.ActiveCfg = Debug|Any CPU
		{33942DEC-EF79-666C-1CF5-30F355C4EFF0}.Debug|Any CPU.Build.0 = Debug|Any CPU
		{33942DEC-EF79-666C-1CF5-30F355C4EFF0}.Release|Any CPU.ActiveCfg = Release|Any CPU
		{33942DEC-EF79-666C-1CF5-30F355C4EFF0}.Release|Any CPU.Build.0 = Release|Any CPU
		{B4ABA97F-A8FB-C95D-089D-F933FC8ED130}.Debug|Any CPU.ActiveCfg = Debug|Any CPU
		{B4ABA97F-A8FB-C95D-089D-F933FC8ED130}.Debug|Any CPU.Build.0 = Debug|Any CPU
		{B4ABA97F-A8FB-C95D-089D-F933FC8ED130}.Release|Any CPU.ActiveCfg = Release|Any CPU
		{B4ABA97F-A8FB-C95D-089D-F933FC8ED130}.Release|Any CPU.Build.0 = Release|Any CPU
		{C0DC4F95-E604-A91F-B862-5D8CB9248465}.Debug|Any CPU.ActiveCfg = Debug|Any CPU
		{C0DC4F95-E604-A91F-B862-5D8CB9248465}.Debug|Any CPU.Build.0 = Debug|Any CPU
		{C0DC4F95-E604-A91F-B862-5D8CB9248465}.Release|Any CPU.ActiveCfg = Release|Any CPU
		{C0DC4F95-E604-A91F-B862-5D8CB9248465}.Release|Any CPU.Build.0 = Release|Any CPU
		{3195A787-F036-9830-B9C2-A70FCC5A5129}.Debug|Any CPU.ActiveCfg = Debug|Any CPU
		{3195A787-F036-9830-B9C2-A70FCC5A5129}.Debug|Any CPU.Build.0 = Debug|Any CPU
		{3195A787-F036-9830-B9C2-A70FCC5A5129}.Release|Any CPU.ActiveCfg = Release|Any CPU
		{3195A787-F036-9830-B9C2-A70FCC5A5129}.Release|Any CPU.Build.0 = Release|Any CPU
		{4ACBD0FB-3CFB-1BAE-4138-45330AB5510B}.Debug|Any CPU.ActiveCfg = Debug|Any CPU
		{4ACBD0FB-3CFB-1BAE-4138-45330AB5510B}.Debug|Any CPU.Build.0 = Debug|Any CPU
		{4ACBD0FB-3CFB-1BAE-4138-45330AB5510B}.Release|Any CPU.ActiveCfg = Release|Any CPU
		{4ACBD0FB-3CFB-1BAE-4138-45330AB5510B}.Release|Any CPU.Build.0 = Release|Any CPU
		{17ADF215-980E-AC5A-E27D-D894FEBD36FC}.Debug|Any CPU.ActiveCfg = Debug|Any CPU
		{17ADF215-980E-AC5A-E27D-D894FEBD36FC}.Debug|Any CPU.Build.0 = Debug|Any CPU
		{17ADF215-980E-AC5A-E27D-D894FEBD36FC}.Release|Any CPU.ActiveCfg = Release|Any CPU
		{17ADF215-980E-AC5A-E27D-D894FEBD36FC}.Release|Any CPU.Build.0 = Release|Any CPU
		{52D9519C-821F-925D-218E-1A651DD2CC37}.Debug|Any CPU.ActiveCfg = Debug|Any CPU
		{52D9519C-821F-925D-218E-1A651DD2CC37}.Debug|Any CPU.Build.0 = Debug|Any CPU
		{52D9519C-821F-925D-218E-1A651DD2CC37}.Release|Any CPU.ActiveCfg = Release|Any CPU
		{52D9519C-821F-925D-218E-1A651DD2CC37}.Release|Any CPU.Build.0 = Release|Any CPU
		{99D60779-D041-15E0-7C27-968E55F9237B}.Debug|Any CPU.ActiveCfg = Debug|Any CPU
		{99D60779-D041-15E0-7C27-968E55F9237B}.Debug|Any CPU.Build.0 = Debug|Any CPU
		{99D60779-D041-15E0-7C27-968E55F9237B}.Release|Any CPU.ActiveCfg = Release|Any CPU
		{99D60779-D041-15E0-7C27-968E55F9237B}.Release|Any CPU.Build.0 = Release|Any CPU
		{C369DC0A-C1C2-39DC-C293-AC0FBB6E17FF}.Debug|Any CPU.ActiveCfg = Debug|Any CPU
		{C369DC0A-C1C2-39DC-C293-AC0FBB6E17FF}.Debug|Any CPU.Build.0 = Debug|Any CPU
		{C369DC0A-C1C2-39DC-C293-AC0FBB6E17FF}.Release|Any CPU.ActiveCfg = Release|Any CPU
		{C369DC0A-C1C2-39DC-C293-AC0FBB6E17FF}.Release|Any CPU.Build.0 = Release|Any CPU
		{6395023B-4736-ABF5-33BE-C3EA45996AB6}.Debug|Any CPU.ActiveCfg = Debug|Any CPU
		{6395023B-4736-ABF5-33BE-C3EA45996AB6}.Debug|Any CPU.Build.0 = Debug|Any CPU
		{6395023B-4736-ABF5-33BE-C3EA45996AB6}.Release|Any CPU.ActiveCfg = Release|Any CPU
		{6395023B-4736-ABF5-33BE-C3EA45996AB6}.Release|Any CPU.Build.0 = Release|Any CPU
		{CB8FA7F9-FB78-F292-8976-1F94EDBE00B2}.Debug|Any CPU.ActiveCfg = Debug|Any CPU
		{CB8FA7F9-FB78-F292-8976-1F94EDBE00B2}.Debug|Any CPU.Build.0 = Debug|Any CPU
		{CB8FA7F9-FB78-F292-8976-1F94EDBE00B2}.Release|Any CPU.ActiveCfg = Release|Any CPU
		{CB8FA7F9-FB78-F292-8976-1F94EDBE00B2}.Release|Any CPU.Build.0 = Release|Any CPU
	EndGlobalSection
	GlobalSection(SolutionProperties) = preSolution
		HideSolutionNode = FALSE
	EndGlobalSection
EndGlobal
